Microsoft Visual Studio Solution File, Format Version 12.00
# Visual Studio Version 17
VisualStudioVersion = 17.14.35906.104
MinimumVisualStudioVersion = 10.0.40219.1
Project("{FAE04EC0-301F-11D3-BF4B-00C04F79EFBC}") = "UI-Playground", "UI-Playground\UI-Playground.csproj", "{557DC627-51B8-4F66-99DF-0242C3B0C451}"
EndProject
Global
	GlobalSection(SolutionConfigurationPlatforms) = preSolution
		Debug|Any CPU = Debug|Any CPU
		Release|Any CPU = Release|Any CPU
	EndGlobalSection
	GlobalSection(ProjectConfigurationPlatforms) = postSolution
		{557DC627-51B8-4F66-99DF-0242C3B0C451}.Debug|Any CPU.ActiveCfg = Debug|Any CPU
		{557DC627-51B8-4F66-99DF-0242C3B0C451}.Debug|Any CPU.Build.0 = Debug|Any CPU
		{557DC627-51B8-4F66-99DF-0242C3B0C451}.Release|Any CPU.ActiveCfg = Release|Any CPU
		{557DC627-51B8-4F66-99DF-0242C3B0C451}.Release|Any CPU.Build.0 = Release|Any CPU
	EndGlobalSection
	GlobalSection(SolutionProperties) = preSolution
		HideSolutionNode = FALSE
	EndGlobalSection
	GlobalSection(ExtensibilityGlobals) = postSolution
		SolutionGuid = {9CA30A8E-1E79-451D-B706-7DED5B8648E5}
	EndGlobalSection
EndGlobal
